Microsoft Visual Studio Solution File, Format Version 12.00
# Visual Studio Version 17
VisualStudioVersion = 17.5.2.0
MinimumVisualStudioVersion = 10.0.40219.1
Project("{FAE04EC0-301F-11D3-BF4B-00C04F79EFBC}") = "UsuarioApi", "UsuarioApi\UsuarioApi.csproj", "{873CD122-E167-72A6-59B0-149895DDFC5C}"
EndProject
Global
	GlobalSection(SolutionConfigurationPlatforms) = preSolution
		Debug|Any CPU = Debug|Any CPU
		Release|Any CPU = Release|Any CPU
	EndGlobalSection
	GlobalSection(ProjectConfigurationPlatforms) = postSolution
		{873CD122-E167-72A6-59B0-149895DDFC5C}.Debug|Any CPU.ActiveCfg = Debug|Any CPU
		{873CD122-E167-72A6-59B0-149895DDFC5C}.Debug|Any CPU.Build.0 = Debug|Any CPU
		{873CD122-E167-72A6-59B0-149895DDFC5C}.Release|Any CPU.ActiveCfg = Release|Any CPU
		{873CD122-E167-72A6-59B0-149895DDFC5C}.Release|Any CPU.Build.0 = Release|Any CPU
	EndGlobalSection
	GlobalSection(SolutionProperties) = preSolution
		HideSolutionNode = FALSE
	EndGlobalSection
	GlobalSection(ExtensibilityGlobals) = postSolution
		SolutionGuid = {30D69216-F20A-4AA0-8B42-2D46D0509D53}
	EndGlobalSection
EndGlobal
